
Microsoft Visual Studio Solution File, Format Version 12.00
# Visual Studio Version 17
VisualStudioVersion = 17.0.32014.148
MinimumVisualStudioVersion = 10.0.40219.1
Project("{FAE04EC0-301F-11D3-BF4B-00C04F79EFBC}") = "Marketplace", "Marketplace\Marketplace.csproj", "{B6C1CD11-361F-4977-B288-489C9C60AB29}"
EndProject
Project("{FAE04EC0-301F-11D3-BF4B-00C04F79EFBC}") = "Marketplace.Domain", "Marketplace.Domain\Marketplace.Domain.csproj", "{3F89752D-060F-4FD1-B733-DD06E5F80C66}"
EndProject
Global
	GlobalSection(SolutionConfigurationPlatforms) = preSolution
		Debug|Any CPU = Debug|Any CPU
		Release|Any CPU = Release|Any CPU
	EndGlobalSection
	GlobalSection(ProjectConfigurationPlatforms) = postSolution
		{B6C1CD11-361F-4977-B288-489C9C60AB29}.Debug|Any CPU.ActiveCfg = Debug|Any CPU
		{B6C1CD11-361F-4977-B288-489C9C60AB29}.Debug|Any CPU.Build.0 = Debug|Any CPU
		{B6C1CD11-361F-4977-B288-489C9C60AB29}.Release|Any CPU.ActiveCfg = Release|Any CPU
		{B6C1CD11-361F-4977-B288-489C9C60AB29}.Release|Any CPU.Build.0 = Release|Any CPU
		{3F89752D-060F-4FD1-B733-DD06E5F80C66}.Debug|Any CPU.ActiveCfg = Debug|Any CPU
		{3F89752D-060F-4FD1-B733-DD06E5F80C66}.Debug|Any CPU.Build.0 = Debug|Any CPU
		{3F89752D-060F-4FD1-B733-DD06E5F80C66}.Release|Any CPU.ActiveCfg = Release|Any CPU
		{3F89752D-060F-4FD1-B733-DD06E5F80C66}.Release|Any CPU.Build.0 = Release|Any CPU
	EndGlobalSection
	GlobalSection(SolutionProperties) = preSolution
		HideSolutionNode = FALSE
	EndGlobalSection
	GlobalSection(ExtensibilityGlobals) = postSolution
		SolutionGuid = {369B1E91-5F55-4CC3-B713-7F8467701528}
	EndGlobalSection
EndGlobal
